
Microsoft Visual Studio Solution File, Format Version 12.00
# Visual Studio Version 17
VisualStudioVersion = 17.11.35222.181
MinimumVisualStudioVersion = 10.0.40219.1
Project("{FAE04EC0-301F-11D3-BF4B-00C04F79EFBC}") = "WindowsFormsApp1", "WindowsFormsApp1.csproj", "{F9F73442-FAEB-4550-84D5-DE2840F99E64}"
EndProject
Global
	GlobalSection(SolutionConfigurationPlatforms) = preSolution
		Debug|Any CPU = Debug|Any CPU
		Release|Any CPU = Release|Any CPU
	EndGlobalSection
	GlobalSection(ProjectConfigurationPlatforms) = postSolution
		{F9F73442-FAEB-4550-84D5-DE2840F99E64}.Debug|Any CPU.ActiveCfg = Debug|Any CPU
		{F9F73442-FAEB-4550-84D5-DE2840F99E64}.Debug|Any CPU.Build.0 = Debug|Any CPU
		{F9F73442-FAEB-4550-84D5-DE2840F99E64}.Release|Any CPU.ActiveCfg = Release|Any CPU
		{F9F73442-FAEB-4550-84D5-DE2840F99E64}.Release|Any CPU.Build.0 = Release|Any CPU
	EndGlobalSection
	GlobalSection(SolutionProperties) = preSolution
		HideSolutionNode = FALSE
	EndGlobalSection
	GlobalSection(ExtensibilityGlobals) = postSolution
		SolutionGuid = {0F850043-5D1E-4D13-A776-8689071BC003}
	EndGlobalSection
EndGlobal
